
Microsoft Visual Studio Solution File, Format Version 12.00
# Visual Studio Version 17
VisualStudioVersion = 17.11.35312.102
MinimumVisualStudioVersion = 10.0.40219.1
Project("{FAE04EC0-301F-11D3-BF4B-00C04F79EFBC}") = "ShelterViewer", "ShelterViewer\ShelterViewer.csproj", "{E641BE6B-B76C-4956-8D84-CC8D2DF87F23}"
EndProject
Global
	GlobalSection(SolutionConfigurationPlatforms) = preSolution
		Debug|Any CPU = Debug|Any CPU
		Release|Any CPU = Release|Any CPU
	EndGlobalSection
	GlobalSection(ProjectConfigurationPlatforms) = postSolution
		{E641BE6B-B76C-4956-8D84-CC8D2DF87F23}.Debug|Any CPU.ActiveCfg = Debug|Any CPU
		{E641BE6B-B76C-4956-8D84-CC8D2DF87F23}.Debug|Any CPU.Build.0 = Debug|Any CPU
		{E641BE6B-B76C-4956-8D84-CC8D2DF87F23}.Release|Any CPU.ActiveCfg = Release|Any CPU
		{E641BE6B-B76C-4956-8D84-CC8D2DF87F23}.Release|Any CPU.Build.0 = Release|Any CPU
	EndGlobalSection
	GlobalSection(SolutionProperties) = preSolution
		HideSolutionNode = FALSE
	EndGlobalSection
	GlobalSection(ExtensibilityGlobals) = postSolution
		SolutionGuid = {0D923FAD-B6CB-4838-B7DB-4BCD89079244}
	EndGlobalSection
EndGlobal
